
Microsoft Visual Studio Solution File, Format Version 12.00
# Visual Studio Version 16
VisualStudioVersion = 16.0.31129.286
MinimumVisualStudioVersion = 10.0.40219.1
Project("{FAE04EC0-301F-11D3-BF4B-00C04F79EFBC}") = "lessons_14", "lessons_14\lessons_14.csproj", "{DB0F5E03-B8E4-4BEF-815F-6F7D9FA37E80}"
EndProject
Global
	GlobalSection(SolutionConfigurationPlatforms) = preSolution
		Debug|Any CPU = Debug|Any CPU
		Release|Any CPU = Release|Any CPU
	EndGlobalSection
	GlobalSection(ProjectConfigurationPlatforms) = postSolution
		{DB0F5E03-B8E4-4BEF-815F-6F7D9FA37E80}.Debug|Any CPU.ActiveCfg = Debug|Any CPU
		{DB0F5E03-B8E4-4BEF-815F-6F7D9FA37E80}.Debug|Any CPU.Build.0 = Debug|Any CPU
		{DB0F5E03-B8E4-4BEF-815F-6F7D9FA37E80}.Release|Any CPU.ActiveCfg = Release|Any CPU
		{DB0F5E03-B8E4-4BEF-815F-6F7D9FA37E80}.Release|Any CPU.Build.0 = Release|Any CPU
	EndGlobalSection
	GlobalSection(SolutionProperties) = preSolution
		HideSolutionNode = FALSE
	EndGlobalSection
	GlobalSection(ExtensibilityGlobals) = postSolution
		SolutionGuid = {581BDE0A-AD12-4C72-8D89-9ECE11FB732F}
	EndGlobalSection
EndGlobal
