
Microsoft Visual Studio Solution File, Format Version 12.00
# Visual Studio Version 16
VisualStudioVersion = 16.0.31129.286
MinimumVisualStudioVersion = 10.0.40219.1
Project("{FAE04EC0-301F-11D3-BF4B-00C04F79EFBC}") = "lessons_15", "lessons_15\lessons_15.csproj", "{6819D96D-A2A3-4B50-8E79-AB50BF289B4D}"
EndProject
Global
	GlobalSection(SolutionConfigurationPlatforms) = preSolution
		Debug|Any CPU = Debug|Any CPU
		Release|Any CPU = Release|Any CPU
	EndGlobalSection
	GlobalSection(ProjectConfigurationPlatforms) = postSolution
		{6819D96D-A2A3-4B50-8E79-AB50BF289B4D}.Debug|Any CPU.ActiveCfg = Debug|Any CPU
		{6819D96D-A2A3-4B50-8E79-AB50BF289B4D}.Debug|Any CPU.Build.0 = Debug|Any CPU
		{6819D96D-A2A3-4B50-8E79-AB50BF289B4D}.Release|Any CPU.ActiveCfg = Release|Any CPU
		{6819D96D-A2A3-4B50-8E79-AB50BF289B4D}.Release|Any CPU.Build.0 = Release|Any CPU
	EndGlobalSection
	GlobalSection(SolutionProperties) = preSolution
		HideSolutionNode = FALSE
	EndGlobalSection
	GlobalSection(ExtensibilityGlobals) = postSolution
		SolutionGuid = {8C847EDC-986D-4603-A935-AEAF82413BB2}
	EndGlobalSection
EndGlobal
