
Microsoft Visual Studio Solution File, Format Version 12.00
# Visual Studio Version 16
VisualStudioVersion = 16.0.31129.286
MinimumVisualStudioVersion = 10.0.40219.1
Project("{FAE04EC0-301F-11D3-BF4B-00C04F79EFBC}") = "lessons_3", "lessons_3\lessons_3.csproj", "{303299ED-A52F-423B-AA6E-A768A721A925}"
EndProject
Global
	GlobalSection(SolutionConfigurationPlatforms) = preSolution
		Debug|Any CPU = Debug|Any CPU
		Release|Any CPU = Release|Any CPU
	EndGlobalSection
	GlobalSection(ProjectConfigurationPlatforms) = postSolution
		{303299ED-A52F-423B-AA6E-A768A721A925}.Debug|Any CPU.ActiveCfg = Debug|Any CPU
		{303299ED-A52F-423B-AA6E-A768A721A925}.Debug|Any CPU.Build.0 = Debug|Any CPU
		{303299ED-A52F-423B-AA6E-A768A721A925}.Release|Any CPU.ActiveCfg = Release|Any CPU
		{303299ED-A52F-423B-AA6E-A768A721A925}.Release|Any CPU.Build.0 = Release|Any CPU
	EndGlobalSection
	GlobalSection(SolutionProperties) = preSolution
		HideSolutionNode = FALSE
	EndGlobalSection
	GlobalSection(ExtensibilityGlobals) = postSolution
		SolutionGuid = {BB38FBF5-279E-4312-A550-CFE851ECCAD2}
	EndGlobalSection
EndGlobal
