
Microsoft Visual Studio Solution File, Format Version 12.00
# Visual Studio Version 16
VisualStudioVersion = 16.0.31129.286
MinimumVisualStudioVersion = 10.0.40219.1
Project("{FAE04EC0-301F-11D3-BF4B-00C04F79EFBC}") = "lessons_1", "lessons_1\lessons_1.csproj", "{6B76E328-178A-43AA-9D79-1923971A0E41}"
EndProject
Global
	GlobalSection(SolutionConfigurationPlatforms) = preSolution
		Debug|Any CPU = Debug|Any CPU
		Release|Any CPU = Release|Any CPU
	EndGlobalSection
	GlobalSection(ProjectConfigurationPlatforms) = postSolution
		{6B76E328-178A-43AA-9D79-1923971A0E41}.Debug|Any CPU.ActiveCfg = Debug|Any CPU
		{6B76E328-178A-43AA-9D79-1923971A0E41}.Debug|Any CPU.Build.0 = Debug|Any CPU
		{6B76E328-178A-43AA-9D79-1923971A0E41}.Release|Any CPU.ActiveCfg = Release|Any CPU
		{6B76E328-178A-43AA-9D79-1923971A0E41}.Release|Any CPU.Build.0 = Release|Any CPU
	EndGlobalSection
	GlobalSection(SolutionProperties) = preSolution
		HideSolutionNode = FALSE
	EndGlobalSection
	GlobalSection(ExtensibilityGlobals) = postSolution
		SolutionGuid = {ACFE37B5-B64F-4048-A473-0F00C9A2D2CA}
	EndGlobalSection
EndGlobal
