
Microsoft Visual Studio Solution File, Format Version 12.00
# Visual Studio Version 16
VisualStudioVersion = 16.0.31129.286
MinimumVisualStudioVersion = 10.0.40219.1
Project("{FAE04EC0-301F-11D3-BF4B-00C04F79EFBC}") = "lessons_10", "lessons_10\lessons_10.csproj", "{534CE734-1DB6-4A24-972F-A6C8FD733C26}"
EndProject
Global
	GlobalSection(SolutionConfigurationPlatforms) = preSolution
		Debug|Any CPU = Debug|Any CPU
		Release|Any CPU = Release|Any CPU
	EndGlobalSection
	GlobalSection(ProjectConfigurationPlatforms) = postSolution
		{534CE734-1DB6-4A24-972F-A6C8FD733C26}.Debug|Any CPU.ActiveCfg = Debug|Any CPU
		{534CE734-1DB6-4A24-972F-A6C8FD733C26}.Debug|Any CPU.Build.0 = Debug|Any CPU
		{534CE734-1DB6-4A24-972F-A6C8FD733C26}.Release|Any CPU.ActiveCfg = Release|Any CPU
		{534CE734-1DB6-4A24-972F-A6C8FD733C26}.Release|Any CPU.Build.0 = Release|Any CPU
	EndGlobalSection
	GlobalSection(SolutionProperties) = preSolution
		HideSolutionNode = FALSE
	EndGlobalSection
	GlobalSection(ExtensibilityGlobals) = postSolution
		SolutionGuid = {DAE637B3-CBE0-4F23-A5BF-942D625B7578}
	EndGlobalSection
EndGlobal
